
Microsoft Visual Studio Solution File, Format Version 12.00
# Visual Studio Version 16
VisualStudioVersion = 16.0.29215.179
MinimumVisualStudioVersion = 10.0.40219.1
Project("{FAE04EC0-301F-11D3-BF4B-00C04F79EFBC}") = "TimuFCopy", "TimuFCopy.csproj", "{1C0328C5-F415-4F65-B3B2-BA9BEA549134}"
EndProject
Global
	GlobalSection(SolutionConfigurationPlatforms) = preSolution
		Debug|Any CPU = Debug|Any CPU
		Release|Any CPU = Release|Any CPU
	EndGlobalSection
	GlobalSection(ProjectConfigurationPlatforms) = postSolution
		{1C0328C5-F415-4F65-B3B2-BA9BEA549134}.Debug|Any CPU.ActiveCfg = Debug|Any CPU
		{1C0328C5-F415-4F65-B3B2-BA9BEA549134}.Debug|Any CPU.Build.0 = Debug|Any CPU
		{1C0328C5-F415-4F65-B3B2-BA9BEA549134}.Release|Any CPU.ActiveCfg = Release|Any CPU
		{1C0328C5-F415-4F65-B3B2-BA9BEA549134}.Release|Any CPU.Build.0 = Release|Any CPU
	EndGlobalSection
	GlobalSection(SolutionProperties) = preSolution
		HideSolutionNode = FALSE
	EndGlobalSection
	GlobalSection(ExtensibilityGlobals) = postSolution
		SolutionGuid = {8719DA8F-0E2E-4007-8128-EF87CE484823}
	EndGlobalSection
EndGlobal
